
Microsoft Visual Studio Solution File, Format Version 12.00
# Visual Studio 15
VisualStudioVersion = 15.0.28307.421
MinimumVisualStudioVersion = 10.0.40219.1
Project("{FAE04EC0-301F-11D3-BF4B-00C04F79EFBC}") = "ArchiveExtract", "ArchiveExtract\ArchiveExtract.csproj", "{B9CDED84-F907-460A-8E19-0C8CF4AAF65F}"
EndProject
Global
	GlobalSection(SolutionConfigurationPlatforms) = preSolution
		Debug|ARM = Debug|ARM
		Debug|ARM64 = Debug|ARM64
		Debug|x64 = Debug|x64
		Debug|x86 = Debug|x86
		Release|ARM = Release|ARM
		Release|ARM64 = Release|ARM64
		Release|x64 = Release|x64
		Release|x86 = Release|x86
	EndGlobalSection
	GlobalSection(ProjectConfigurationPlatforms) = postSolution
		{B9CDED84-F907-460A-8E19-0C8CF4AAF65F}.Debug|ARM.ActiveCfg = Debug|ARM
		{B9CDED84-F907-460A-8E19-0C8CF4AAF65F}.Debug|ARM.Build.0 = Debug|ARM
		{B9CDED84-F907-460A-8E19-0C8CF4AAF65F}.Debug|ARM.Deploy.0 = Debug|ARM
		{B9CDED84-F907-460A-8E19-0C8CF4AAF65F}.Debug|ARM64.ActiveCfg = Debug|ARM64
		{B9CDED84-F907-460A-8E19-0C8CF4AAF65F}.Debug|ARM64.Build.0 = Debug|ARM64
		{B9CDED84-F907-460A-8E19-0C8CF4AAF65F}.Debug|ARM64.Deploy.0 = Debug|ARM64
		{B9CDED84-F907-460A-8E19-0C8CF4AAF65F}.Debug|x64.ActiveCfg = Debug|x64
		{B9CDED84-F907-460A-8E19-0C8CF4AAF65F}.Debug|x64.Build.0 = Debug|x64
		{B9CDED84-F907-460A-8E19-0C8CF4AAF65F}.Debug|x64.Deploy.0 = Debug|x64
		{B9CDED84-F907-460A-8E19-0C8CF4AAF65F}.Debug|x86.ActiveCfg = Debug|x86
		{B9CDED84-F907-460A-8E19-0C8CF4AAF65F}.Debug|x86.Build.0 = Debug|x86
		{B9CDED84-F907-460A-8E19-0C8CF4AAF65F}.Debug|x86.Deploy.0 = Debug|x86
		{B9CDED84-F907-460A-8E19-0C8CF4AAF65F}.Release|ARM.ActiveCfg = Release|ARM
		{B9CDED84-F907-460A-8E19-0C8CF4AAF65F}.Release|ARM.Build.0 = Release|ARM
		{B9CDED84-F907-460A-8E19-0C8CF4AAF65F}.Release|ARM.Deploy.0 = Release|ARM
		{B9CDED84-F907-460A-8E19-0C8CF4AAF65F}.Release|ARM64.ActiveCfg = Release|ARM64
		{B9CDED84-F907-460A-8E19-0C8CF4AAF65F}.Release|ARM64.Build.0 = Release|ARM64
		{B9CDED84-F907-460A-8E19-0C8CF4AAF65F}.Release|ARM64.Deploy.0 = Release|ARM64
		{B9CDED84-F907-460A-8E19-0C8CF4AAF65F}.Release|x64.ActiveCfg = Release|x64
		{B9CDED84-F907-460A-8E19-0C8CF4AAF65F}.Release|x64.Build.0 = Release|x64
		{B9CDED84-F907-460A-8E19-0C8CF4AAF65F}.Release|x64.Deploy.0 = Release|x64
		{B9CDED84-F907-460A-8E19-0C8CF4AAF65F}.Release|x86.ActiveCfg = Release|x86
		{B9CDED84-F907-460A-8E19-0C8CF4AAF65F}.Release|x86.Build.0 = Release|x86
		{B9CDED84-F907-460A-8E19-0C8CF4AAF65F}.Release|x86.Deploy.0 = Release|x86
	EndGlobalSection
	GlobalSection(SolutionProperties) = preSolution
		HideSolutionNode = FALSE
	EndGlobalSection
	GlobalSection(ExtensibilityGlobals) = postSolution
		SolutionGuid = {FA5B7105-BFEB-4CF6-A39C-9454055D7353}
	EndGlobalSection
EndGlobal
